
Microsoft Visual Studio Solution File, Format Version 12.00
# Visual Studio Version 17
VisualStudioVersion = 17.2.32630.192
MinimumVisualStudioVersion = 10.0.40219.1
Project("{9A19103F-16F7-4668-BE54-9A1E7A4F7556}") = "R5T.F0052", "R5T.F0052\R5T.F0052.csproj", "{5F947AC7-B76C-4ADC-9CA0-3F465908B074}"
EndProject
Global
	GlobalSection(SolutionConfigurationPlatforms) = preSolution
		Debug|Any CPU = Debug|Any CPU
		Release|Any CPU = Release|Any CPU
	EndGlobalSection
	GlobalSection(ProjectConfigurationPlatforms) = postSolution
		{5F947AC7-B76C-4ADC-9CA0-3F465908B074}.Debug|Any CPU.ActiveCfg = Debug|Any CPU
		{5F947AC7-B76C-4ADC-9CA0-3F465908B074}.Debug|Any CPU.Build.0 = Debug|Any CPU
		{5F947AC7-B76C-4ADC-9CA0-3F465908B074}.Release|Any CPU.ActiveCfg = Release|Any CPU
		{5F947AC7-B76C-4ADC-9CA0-3F465908B074}.Release|Any CPU.Build.0 = Release|Any CPU
	EndGlobalSection
	GlobalSection(SolutionProperties) = preSolution
		HideSolutionNode = FALSE
	EndGlobalSection
	GlobalSection(ExtensibilityGlobals) = postSolution
		SolutionGuid = {FC385E77-BB50-4DCD-9183-111DD9881A1E}
	EndGlobalSection
EndGlobal
