
Microsoft Visual Studio Solution File, Format Version 12.00
# Visual Studio Version 17
VisualStudioVersion = 17.2.32630.192
MinimumVisualStudioVersion = 10.0.40219.1
Project("{9A19103F-16F7-4668-BE54-9A1E7A4F7556}") = "R5T.F0052.Construction", "R5T.F0052.Construction\R5T.F0052.Construction.csproj", "{947C4149-7837-4855-8105-9F9B1B087908}"
EndProject
Project("{9A19103F-16F7-4668-BE54-9A1E7A4F7556}") = "R5T.F0052", "R5T.F0052\R5T.F0052.csproj", "{54E110C0-6FF8-4852-9EE9-8363C33962A4}"
EndProject
Project("{2150E333-8FDC-42A3-9474-1A3956D46DE8}") = "_Dependencies", "_Dependencies", "{41A08AA3-A59B-4E81-A6BC-499F237D7055}"
EndProject
Project("{9A19103F-16F7-4668-BE54-9A1E7A4F7556}") = "R5T.F0000", "..\..\R5T.F0000\source\R5T.F0000\R5T.F0000.csproj", "{CBD44E8C-2B3A-45CE-92C1-93BB5C6021BE}"
EndProject
Project("{9A19103F-16F7-4668-BE54-9A1E7A4F7556}") = "R5T.F0002", "..\..\R5T.F0002\source\R5T.F0002\R5T.F0002.csproj", "{CA19C244-D64F-4F10-A305-95CDFA4C55E2}"
EndProject
Project("{9A19103F-16F7-4668-BE54-9A1E7A4F7556}") = "R5T.F0040.F000", "..\..\R5T.F0040\source\R5T.F0040.F000\R5T.F0040.F000.csproj", "{791C74E1-147C-42CF-BE0E-BA16B74224AC}"
EndProject
Project("{9A19103F-16F7-4668-BE54-9A1E7A4F7556}") = "R5T.F0053", "..\..\R5T.F0053\source\R5T.F0053\R5T.F0053.csproj", "{36F56475-177C-4D5A-81A8-9024AAA82447}"
EndProject
Project("{9A19103F-16F7-4668-BE54-9A1E7A4F7556}") = "R5T.F0054", "..\..\R5T.F0054\source\R5T.F0054\R5T.F0054.csproj", "{F92CE102-C796-432F-9077-65A65A758268}"
EndProject
Project("{9A19103F-16F7-4668-BE54-9A1E7A4F7556}") = "R5T.L0053", "..\..\R5T.L0053\source\R5T.L0053\R5T.L0053.csproj", "{5FD382DE-E93F-4F89-AE48-3B1FD98329D2}"
EndProject
Project("{9A19103F-16F7-4668-BE54-9A1E7A4F7556}") = "R5T.L0066", "..\..\R5T.L0066\source\R5T.L0066\R5T.L0066.csproj", "{CF0C4D07-DC86-4631-88E5-8654F303FA66}"
EndProject
Project("{9A19103F-16F7-4668-BE54-9A1E7A4F7556}") = "R5T.L0071", "..\..\R5T.L0071\source\R5T.L0071\R5T.L0071.csproj", "{15AAE79C-6060-45D8-942C-4B74AF5E5C6B}"
EndProject
Project("{9A19103F-16F7-4668-BE54-9A1E7A4F7556}") = "R5T.L0089.F000", "..\..\R5T.L0089\source\R5T.L0089.F000\R5T.L0089.F000.csproj", "{F281CDDF-BE9A-4EC5-926D-4738213ACA11}"
EndProject
Project("{9A19103F-16F7-4668-BE54-9A1E7A4F7556}") = "R5T.L0089.T000", "..\..\R5T.L0089\source\R5T.L0089.T000\R5T.L0089.T000.csproj", "{97BAF40E-3307-42CF-9E4A-BFE954EA67D9}"
EndProject
Project("{9A19103F-16F7-4668-BE54-9A1E7A4F7556}") = "R5T.L0089", "..\..\R5T.L0089\source\R5T.L0089\R5T.L0089.csproj", "{34055ABA-2D03-4DC9-A3B9-FC8125A63B92}"
EndProject
Project("{9A19103F-16F7-4668-BE54-9A1E7A4F7556}") = "R5T.T0131", "..\..\R5T.T0131\source\R5T.T0131\R5T.T0131.csproj", "{D093E19E-F82E-424C-8AD3-4BEB6EBC068E}"
EndProject
Project("{9A19103F-16F7-4668-BE54-9A1E7A4F7556}") = "R5T.T0132", "..\..\R5T.T0132\source\R5T.T0132\R5T.T0132.csproj", "{E66EC331-CC2B-4AD0-9641-0CC32EDEA205}"
EndProject
Project("{9A19103F-16F7-4668-BE54-9A1E7A4F7556}") = "R5T.T0142", "..\..\R5T.T0142\source\R5T.T0142\R5T.T0142.csproj", "{6A5FE4CD-D68C-4549-970E-870878A8021F}"
EndProject
Project("{9A19103F-16F7-4668-BE54-9A1E7A4F7556}") = "R5T.T0143", "..\..\R5T.T0143\source\R5T.T0143\R5T.T0143.csproj", "{F3C11A21-4814-430E-B8D5-DE57EB629C89}"
EndProject
Project("{9A19103F-16F7-4668-BE54-9A1E7A4F7556}") = "R5T.T0156", "..\..\R5T.T0156\source\R5T.T0156\R5T.T0156.csproj", "{12BC8D71-144B-4485-84E2-3CCD9B5A1075}"
EndProject
Project("{9A19103F-16F7-4668-BE54-9A1E7A4F7556}") = "R5T.T0221", "..\..\R5T.T0221\source\R5T.T0221\R5T.T0221.csproj", "{4595809E-6456-4590-8E41-AD4F1C8A4DD6}"
EndProject
Project("{9A19103F-16F7-4668-BE54-9A1E7A4F7556}") = "R5T.Y0000", "..\..\R5T.Y0000\source\R5T.Y0000\R5T.Y0000.csproj", "{87A4F96B-A206-4C36-B306-3E9A21D75770}"
EndProject
Project("{9A19103F-16F7-4668-BE54-9A1E7A4F7556}") = "R5T.Y0006", "..\..\R5T.Y0006\source\R5T.Y0006\R5T.Y0006.csproj", "{A965AFA7-1FC3-48CE-A7F9-166486088DE1}"
EndProject
Project("{9A19103F-16F7-4668-BE54-9A1E7A4F7556}") = "R5T.Z0000", "..\..\R5T.Z0000\source\R5T.Z0000\R5T.Z0000.csproj", "{2E8A1CE9-D097-4F50-B08A-0C11528D0453}"
EndProject
Project("{9A19103F-16F7-4668-BE54-9A1E7A4F7556}") = "R5T.Z0010.Platform", "..\..\R5T.Z0010\source\R5T.Z0010.Platform\R5T.Z0010.Platform.csproj", "{6D1BCBF2-0305-4304-931F-0C77AD0107FC}"
EndProject
Global
	GlobalSection(NestedProjects) = preSolution
		{CBD44E8C-2B3A-45CE-92C1-93BB5C6021BE} = {41A08AA3-A59B-4E81-A6BC-499F237D7055}
		{CA19C244-D64F-4F10-A305-95CDFA4C55E2} = {41A08AA3-A59B-4E81-A6BC-499F237D7055}
		{791C74E1-147C-42CF-BE0E-BA16B74224AC} = {41A08AA3-A59B-4E81-A6BC-499F237D7055}
		{36F56475-177C-4D5A-81A8-9024AAA82447} = {41A08AA3-A59B-4E81-A6BC-499F237D7055}
		{F92CE102-C796-432F-9077-65A65A758268} = {41A08AA3-A59B-4E81-A6BC-499F237D7055}
		{5FD382DE-E93F-4F89-AE48-3B1FD98329D2} = {41A08AA3-A59B-4E81-A6BC-499F237D7055}
		{CF0C4D07-DC86-4631-88E5-8654F303FA66} = {41A08AA3-A59B-4E81-A6BC-499F237D7055}
		{15AAE79C-6060-45D8-942C-4B74AF5E5C6B} = {41A08AA3-A59B-4E81-A6BC-499F237D7055}
		{F281CDDF-BE9A-4EC5-926D-4738213ACA11} = {41A08AA3-A59B-4E81-A6BC-499F237D7055}
		{97BAF40E-3307-42CF-9E4A-BFE954EA67D9} = {41A08AA3-A59B-4E81-A6BC-499F237D7055}
		{34055ABA-2D03-4DC9-A3B9-FC8125A63B92} = {41A08AA3-A59B-4E81-A6BC-499F237D7055}
		{D093E19E-F82E-424C-8AD3-4BEB6EBC068E} = {41A08AA3-A59B-4E81-A6BC-499F237D7055}
		{E66EC331-CC2B-4AD0-9641-0CC32EDEA205} = {41A08AA3-A59B-4E81-A6BC-499F237D7055}
		{6A5FE4CD-D68C-4549-970E-870878A8021F} = {41A08AA3-A59B-4E81-A6BC-499F237D7055}
		{F3C11A21-4814-430E-B8D5-DE57EB629C89} = {41A08AA3-A59B-4E81-A6BC-499F237D7055}
		{12BC8D71-144B-4485-84E2-3CCD9B5A1075} = {41A08AA3-A59B-4E81-A6BC-499F237D7055}
		{4595809E-6456-4590-8E41-AD4F1C8A4DD6} = {41A08AA3-A59B-4E81-A6BC-499F237D7055}
		{87A4F96B-A206-4C36-B306-3E9A21D75770} = {41A08AA3-A59B-4E81-A6BC-499F237D7055}
		{A965AFA7-1FC3-48CE-A7F9-166486088DE1} = {41A08AA3-A59B-4E81-A6BC-499F237D7055}
		{2E8A1CE9-D097-4F50-B08A-0C11528D0453} = {41A08AA3-A59B-4E81-A6BC-499F237D7055}
		{6D1BCBF2-0305-4304-931F-0C77AD0107FC} = {41A08AA3-A59B-4E81-A6BC-499F237D7055}
	EndGlobalSection
	GlobalSection(SolutionConfigurationPlatforms) = preSolution
		Debug|Any CPU = Debug|Any CPU
		Release|Any CPU = Release|Any CPU
	EndGlobalSection
	GlobalSection(ProjectConfigurationPlatforms) = postSolution
		{947C4149-7837-4855-8105-9F9B1B087908}.Debug|Any CPU.ActiveCfg = Debug|Any CPU
		{947C4149-7837-4855-8105-9F9B1B087908}.Debug|Any CPU.Build.0 = Debug|Any CPU
		{947C4149-7837-4855-8105-9F9B1B087908}.Release|Any CPU.ActiveCfg = Release|Any CPU
		{947C4149-7837-4855-8105-9F9B1B087908}.Release|Any CPU.Build.0 = Release|Any CPU
		{54E110C0-6FF8-4852-9EE9-8363C33962A4}.Debug|Any CPU.ActiveCfg = Debug|Any CPU
		{54E110C0-6FF8-4852-9EE9-8363C33962A4}.Debug|Any CPU.Build.0 = Debug|Any CPU
		{54E110C0-6FF8-4852-9EE9-8363C33962A4}.Release|Any CPU.ActiveCfg = Release|Any CPU
		{54E110C0-6FF8-4852-9EE9-8363C33962A4}.Release|Any CPU.Build.0 = Release|Any CPU
		{CBD44E8C-2B3A-45CE-92C1-93BB5C6021BE}.Debug|Any CPU.ActiveCfg = Debug|Any CPU
		{CBD44E8C-2B3A-45CE-92C1-93BB5C6021BE}.Debug|Any CPU.Build.0 = Debug|Any CPU
		{CBD44E8C-2B3A-45CE-92C1-93BB5C6021BE}.Release|Any CPU.ActiveCfg = Release|Any CPU
		{CBD44E8C-2B3A-45CE-92C1-93BB5C6021BE}.Release|Any CPU.Build.0 = Release|Any CPU
		{CA19C244-D64F-4F10-A305-95CDFA4C55E2}.Debug|Any CPU.ActiveCfg = Debug|Any CPU
		{CA19C244-D64F-4F10-A305-95CDFA4C55E2}.Debug|Any CPU.Build.0 = Debug|Any CPU
		{CA19C244-D64F-4F10-A305-95CDFA4C55E2}.Release|Any CPU.ActiveCfg = Release|Any CPU
		{CA19C244-D64F-4F10-A305-95CDFA4C55E2}.Release|Any CPU.Build.0 = Release|Any CPU
		{791C74E1-147C-42CF-BE0E-BA16B74224AC}.Debug|Any CPU.ActiveCfg = Debug|Any CPU
		{791C74E1-147C-42CF-BE0E-BA16B74224AC}.Debug|Any CPU.Build.0 = Debug|Any CPU
		{791C74E1-147C-42CF-BE0E-BA16B74224AC}.Release|Any CPU.ActiveCfg = Release|Any CPU
		{791C74E1-147C-42CF-BE0E-BA16B74224AC}.Release|Any CPU.Build.0 = Release|Any CPU
		{36F56475-177C-4D5A-81A8-9024AAA82447}.Debug|Any CPU.ActiveCfg = Debug|Any CPU
		{36F56475-177C-4D5A-81A8-9024AAA82447}.Debug|Any CPU.Build.0 = Debug|Any CPU
		{36F56475-177C-4D5A-81A8-9024AAA82447}.Release|Any CPU.ActiveCfg = Release|Any CPU
		{36F56475-177C-4D5A-81A8-9024AAA82447}.Release|Any CPU.Build.0 = Release|Any CPU
		{F92CE102-C796-432F-9077-65A65A758268}.Debug|Any CPU.ActiveCfg = Debug|Any CPU
		{F92CE102-C796-432F-9077-65A65A758268}.Debug|Any CPU.Build.0 = Debug|Any CPU
		{F92CE102-C796-432F-9077-65A65A758268}.Release|Any CPU.ActiveCfg = Release|Any CPU
		{F92CE102-C796-432F-9077-65A65A758268}.Release|Any CPU.Build.0 = Release|Any CPU
		{5FD382DE-E93F-4F89-AE48-3B1FD98329D2}.Debug|Any CPU.ActiveCfg = Debug|Any CPU
		{5FD382DE-E93F-4F89-AE48-3B1FD98329D2}.Debug|Any CPU.Build.0 = Debug|Any CPU
		{5FD382DE-E93F-4F89-AE48-3B1FD98329D2}.Release|Any CPU.ActiveCfg = Release|Any CPU
		{5FD382DE-E93F-4F89-AE48-3B1FD98329D2}.Release|Any CPU.Build.0 = Release|Any CPU
		{CF0C4D07-DC86-4631-88E5-8654F303FA66}.Debug|Any CPU.ActiveCfg = Debug|Any CPU
		{CF0C4D07-DC86-4631-88E5-8654F303FA66}.Debug|Any CPU.Build.0 = Debug|Any CPU
		{CF0C4D07-DC86-4631-88E5-8654F303FA66}.Release|Any CPU.ActiveCfg = Release|Any CPU
		{CF0C4D07-DC86-4631-88E5-8654F303FA66}.Release|Any CPU.Build.0 = Release|Any CPU
		{15AAE79C-6060-45D8-942C-4B74AF5E5C6B}.Debug|Any CPU.ActiveCfg = Debug|Any CPU
		{15AAE79C-6060-45D8-942C-4B74AF5E5C6B}.Debug|Any CPU.Build.0 = Debug|Any CPU
		{15AAE79C-6060-45D8-942C-4B74AF5E5C6B}.Release|Any CPU.ActiveCfg = Release|Any CPU
		{15AAE79C-6060-45D8-942C-4B74AF5E5C6B}.Release|Any CPU.Build.0 = Release|Any CPU
		{F281CDDF-BE9A-4EC5-926D-4738213ACA11}.Debug|Any CPU.ActiveCfg = Debug|Any CPU
		{F281CDDF-BE9A-4EC5-926D-4738213ACA11}.Debug|Any CPU.Build.0 = Debug|Any CPU
		{F281CDDF-BE9A-4EC5-926D-4738213ACA11}.Release|Any CPU.ActiveCfg = Release|Any CPU
		{F281CDDF-BE9A-4EC5-926D-4738213ACA11}.Release|Any CPU.Build.0 = Release|Any CPU
		{97BAF40E-3307-42CF-9E4A-BFE954EA67D9}.Debug|Any CPU.ActiveCfg = Debug|Any CPU
		{97BAF40E-3307-42CF-9E4A-BFE954EA67D9}.Debug|Any CPU.Build.0 = Debug|Any CPU
		{97BAF40E-3307-42CF-9E4A-BFE954EA67D9}.Release|Any CPU.ActiveCfg = Release|Any CPU
		{97BAF40E-3307-42CF-9E4A-BFE954EA67D9}.Release|Any CPU.Build.0 = Release|Any CPU
		{34055ABA-2D03-4DC9-A3B9-FC8125A63B92}.Debug|Any CPU.ActiveCfg = Debug|Any CPU
		{34055ABA-2D03-4DC9-A3B9-FC8125A63B92}.Debug|Any CPU.Build.0 = Debug|Any CPU
		{34055ABA-2D03-4DC9-A3B9-FC8125A63B92}.Release|Any CPU.ActiveCfg = Release|Any CPU
		{34055ABA-2D03-4DC9-A3B9-FC8125A63B92}.Release|Any CPU.Build.0 = Release|Any CPU
		{D093E19E-F82E-424C-8AD3-4BEB6EBC068E}.Debug|Any CPU.ActiveCfg = Debug|Any CPU
		{D093E19E-F82E-424C-8AD3-4BEB6EBC068E}.Debug|Any CPU.Build.0 = Debug|Any CPU
		{D093E19E-F82E-424C-8AD3-4BEB6EBC068E}.Release|Any CPU.ActiveCfg = Release|Any CPU
		{D093E19E-F82E-424C-8AD3-4BEB6EBC068E}.Release|Any CPU.Build.0 = Release|Any CPU
		{E66EC331-CC2B-4AD0-9641-0CC32EDEA205}.Debug|Any CPU.ActiveCfg = Debug|Any CPU
		{E66EC331-CC2B-4AD0-9641-0CC32EDEA205}.Debug|Any CPU.Build.0 = Debug|Any CPU
		{E66EC331-CC2B-4AD0-9641-0CC32EDEA205}.Release|Any CPU.ActiveCfg = Release|Any CPU
		{E66EC331-CC2B-4AD0-9641-0CC32EDEA205}.Release|Any CPU.Build.0 = Release|Any CPU
		{6A5FE4CD-D68C-4549-970E-870878A8021F}.Debug|Any CPU.ActiveCfg = Debug|Any CPU
		{6A5FE4CD-D68C-4549-970E-870878A8021F}.Debug|Any CPU.Build.0 = Debug|Any CPU
		{6A5FE4CD-D68C-4549-970E-870878A8021F}.Release|Any CPU.ActiveCfg = Release|Any CPU
		{6A5FE4CD-D68C-4549-970E-870878A8021F}.Release|Any CPU.Build.0 = Release|Any CPU
		{F3C11A21-4814-430E-B8D5-DE57EB629C89}.Debug|Any CPU.ActiveCfg = Debug|Any CPU
		{F3C11A21-4814-430E-B8D5-DE57EB629C89}.Debug|Any CPU.Build.0 = Debug|Any CPU
		{F3C11A21-4814-430E-B8D5-DE57EB629C89}.Release|Any CPU.ActiveCfg = Release|Any CPU
		{F3C11A21-4814-430E-B8D5-DE57EB629C89}.Release|Any CPU.Build.0 = Release|Any CPU
		{12BC8D71-144B-4485-84E2-3CCD9B5A1075}.Debug|Any CPU.ActiveCfg = Debug|Any CPU
		{12BC8D71-144B-4485-84E2-3CCD9B5A1075}.Debug|Any CPU.Build.0 = Debug|Any CPU
		{12BC8D71-144B-4485-84E2-3CCD9B5A1075}.Release|Any CPU.ActiveCfg = Release|Any CPU
		{12BC8D71-144B-4485-84E2-3CCD9B5A1075}.Release|Any CPU.Build.0 = Release|Any CPU
		{4595809E-6456-4590-8E41-AD4F1C8A4DD6}.Debug|Any CPU.ActiveCfg = Debug|Any CPU
		{4595809E-6456-4590-8E41-AD4F1C8A4DD6}.Debug|Any CPU.Build.0 = Debug|Any CPU
		{4595809E-6456-4590-8E41-AD4F1C8A4DD6}.Release|Any CPU.ActiveCfg = Release|Any CPU
		{4595809E-6456-4590-8E41-AD4F1C8A4DD6}.Release|Any CPU.Build.0 = Release|Any CPU
		{87A4F96B-A206-4C36-B306-3E9A21D75770}.Debug|Any CPU.ActiveCfg = Debug|Any CPU
		{87A4F96B-A206-4C36-B306-3E9A21D75770}.Debug|Any CPU.Build.0 = Debug|Any CPU
		{87A4F96B-A206-4C36-B306-3E9A21D75770}.Release|Any CPU.ActiveCfg = Release|Any CPU
		{87A4F96B-A206-4C36-B306-3E9A21D75770}.Release|Any CPU.Build.0 = Release|Any CPU
		{A965AFA7-1FC3-48CE-A7F9-166486088DE1}.Debug|Any CPU.ActiveCfg = Debug|Any CPU
		{A965AFA7-1FC3-48CE-A7F9-166486088DE1}.Debug|Any CPU.Build.0 = Debug|Any CPU
		{A965AFA7-1FC3-48CE-A7F9-166486088DE1}.Release|Any CPU.ActiveCfg = Release|Any CPU
		{A965AFA7-1FC3-48CE-A7F9-166486088DE1}.Release|Any CPU.Build.0 = Release|Any CPU
		{2E8A1CE9-D097-4F50-B08A-0C11528D0453}.Debug|Any CPU.ActiveCfg = Debug|Any CPU
		{2E8A1CE9-D097-4F50-B08A-0C11528D0453}.Debug|Any CPU.Build.0 = Debug|Any CPU
		{2E8A1CE9-D097-4F50-B08A-0C11528D0453}.Release|Any CPU.ActiveCfg = Release|Any CPU
		{2E8A1CE9-D097-4F50-B08A-0C11528D0453}.Release|Any CPU.Build.0 = Release|Any CPU
		{6D1BCBF2-0305-4304-931F-0C77AD0107FC}.Debug|Any CPU.ActiveCfg = Debug|Any CPU
		{6D1BCBF2-0305-4304-931F-0C77AD0107FC}.Debug|Any CPU.Build.0 = Debug|Any CPU
		{6D1BCBF2-0305-4304-931F-0C77AD0107FC}.Release|Any CPU.ActiveCfg = Release|Any CPU
		{6D1BCBF2-0305-4304-931F-0C77AD0107FC}.Release|Any CPU.Build.0 = Release|Any CPU
	EndGlobalSection
	GlobalSection(SolutionProperties) = preSolution
		HideSolutionNode = FALSE
	EndGlobalSection
	GlobalSection(ExtensibilityGlobals) = postSolution
		SolutionGuid = {ADB20970-6727-4CC3-A2EB-5D0EB23D61A5}
	EndGlobalSection
EndGlobal
