
Microsoft Visual Studio Solution File, Format Version 12.00
# Visual Studio Version 17
VisualStudioVersion = 17.2.32630.192
MinimumVisualStudioVersion = 10.0.40219.1
Project("{9A19103F-16F7-4668-BE54-9A1E7A4F7556}") = "R5T.F0052", "R5T.F0052\R5T.F0052.csproj", "{5F947AC7-B76C-4ADC-9CA0-3F465908B074}"
EndProject
Project("{2150E333-8FDC-42A3-9474-1A3956D46DE8}") = "_Dependencies", "_Dependencies", "{080B87B7-15A6-4310-AA05-754A3F875BDC}"
EndProject
Project("{9A19103F-16F7-4668-BE54-9A1E7A4F7556}") = "R5T.T0132", "..\..\R5T.T0132\source\R5T.T0132\R5T.T0132.csproj", "{16B817B1-4778-4CDD-885A-E6BE49D347A7}"
EndProject
Project("{9A19103F-16F7-4668-BE54-9A1E7A4F7556}") = "R5T.F0002", "..\..\R5T.F0002\source\R5T.F0002\R5T.F0002.csproj", "{6B15573B-C66C-42D5-82AB-87C1541E3F3D}"
EndProject
Project("{9A19103F-16F7-4668-BE54-9A1E7A4F7556}") = "R5T.F0040.F000", "..\..\R5T.F0040\source\R5T.F0040.F000\R5T.F0040.F000.csproj", "{96463216-CA0C-4E72-8404-B2FEA32590D4}"
EndProject
Project("{9A19103F-16F7-4668-BE54-9A1E7A4F7556}") = "R5T.F0053", "..\..\R5T.F0053\source\R5T.F0053\R5T.F0053.csproj", "{45AB54BA-EB31-47FD-A44B-A37EA281F127}"
EndProject
Project("{9A19103F-16F7-4668-BE54-9A1E7A4F7556}") = "R5T.F0054", "..\..\R5T.F0054\source\R5T.F0054\R5T.F0054.csproj", "{5164F05A-FACC-4FEC-8B81-F4BFB2B75A10}"
EndProject
Project("{9A19103F-16F7-4668-BE54-9A1E7A4F7556}") = "R5T.L0066", "..\..\R5T.L0066\source\R5T.L0066\R5T.L0066.csproj", "{7D666544-A3D6-43ED-8791-B00D871C3121}"
EndProject
Project("{9A19103F-16F7-4668-BE54-9A1E7A4F7556}") = "R5T.T0131", "..\..\R5T.T0131\source\R5T.T0131\R5T.T0131.csproj", "{5FF6CD77-EA7E-4E74-991A-94CA6F8891EA}"
EndProject
Project("{9A19103F-16F7-4668-BE54-9A1E7A4F7556}") = "R5T.T0142", "..\..\R5T.T0142\source\R5T.T0142\R5T.T0142.csproj", "{8DC76117-F5A5-4BC6-A0A5-523CB00F2966}"
EndProject
Project("{9A19103F-16F7-4668-BE54-9A1E7A4F7556}") = "R5T.T0143", "..\..\R5T.T0143\source\R5T.T0143\R5T.T0143.csproj", "{C8F2615F-7C20-4D3C-904F-7B717D1345A0}"
EndProject
Project("{9A19103F-16F7-4668-BE54-9A1E7A4F7556}") = "R5T.T0156", "..\..\R5T.T0156\source\R5T.T0156\R5T.T0156.csproj", "{FD62DB7E-1536-45B6-8113-2080345A29C4}"
EndProject
Project("{9A19103F-16F7-4668-BE54-9A1E7A4F7556}") = "R5T.T0241", "..\..\R5T.T0241\source\R5T.T0241\R5T.T0241.csproj", "{6535202C-86E6-46C3-A574-FFE9CF2DF0B9}"
EndProject
Project("{9A19103F-16F7-4668-BE54-9A1E7A4F7556}") = "R5T.Y0006", "..\..\R5T.Y0006\source\R5T.Y0006\R5T.Y0006.csproj", "{98ABE114-ADB6-4791-9484-EB9D87F43A5D}"
EndProject
Project("{9A19103F-16F7-4668-BE54-9A1E7A4F7556}") = "R5T.Z0071.Z000", "..\..\R5T.Z0071\source\R5T.Z0071.Z000\R5T.Z0071.Z000.csproj", "{A1BA7863-E306-4EE4-B2AB-88D35E3C4500}"
EndProject
Project("{9A19103F-16F7-4668-BE54-9A1E7A4F7556}") = "R5T.Z0071.Z002", "..\..\R5T.Z0071\source\R5T.Z0071.Z002\R5T.Z0071.Z002.csproj", "{125B937D-A3DB-426B-989D-C8E00DEAA439}"
EndProject
Project("{9A19103F-16F7-4668-BE54-9A1E7A4F7556}") = "R5T.Z0073.Z000", "..\..\R5T.Z0073\source\R5T.Z0073.Z000\R5T.Z0073.Z000.csproj", "{0866C8BC-8A3B-4F07-A8D9-0FCB56071637}"
EndProject
Project("{9A19103F-16F7-4668-BE54-9A1E7A4F7556}") = "R5T.Z0072.Z000", "..\..\R5T.Z0072\source\R5T.Z0072.Z000\R5T.Z0072.Z000.csproj", "{DED6572D-0EB2-48B1-95DE-9495A6CCD3A2}"
EndProject
Project("{9A19103F-16F7-4668-BE54-9A1E7A4F7556}") = "R5T.Z0070.Z000", "..\..\R5T.Z0070\source\R5T.Z0070.Z000\R5T.Z0070.Z000.csproj", "{5E421889-B7AB-40F9-960B-9365BDE4378D}"
EndProject
Global
	GlobalSection(NestedProjects) = preSolution
		{16B817B1-4778-4CDD-885A-E6BE49D347A7} = {080B87B7-15A6-4310-AA05-754A3F875BDC}
		{6B15573B-C66C-42D5-82AB-87C1541E3F3D} = {080B87B7-15A6-4310-AA05-754A3F875BDC}
		{96463216-CA0C-4E72-8404-B2FEA32590D4} = {080B87B7-15A6-4310-AA05-754A3F875BDC}
		{45AB54BA-EB31-47FD-A44B-A37EA281F127} = {080B87B7-15A6-4310-AA05-754A3F875BDC}
		{5164F05A-FACC-4FEC-8B81-F4BFB2B75A10} = {080B87B7-15A6-4310-AA05-754A3F875BDC}
		{7D666544-A3D6-43ED-8791-B00D871C3121} = {080B87B7-15A6-4310-AA05-754A3F875BDC}
		{5FF6CD77-EA7E-4E74-991A-94CA6F8891EA} = {080B87B7-15A6-4310-AA05-754A3F875BDC}
		{8DC76117-F5A5-4BC6-A0A5-523CB00F2966} = {080B87B7-15A6-4310-AA05-754A3F875BDC}
		{C8F2615F-7C20-4D3C-904F-7B717D1345A0} = {080B87B7-15A6-4310-AA05-754A3F875BDC}
		{FD62DB7E-1536-45B6-8113-2080345A29C4} = {080B87B7-15A6-4310-AA05-754A3F875BDC}
		{6535202C-86E6-46C3-A574-FFE9CF2DF0B9} = {080B87B7-15A6-4310-AA05-754A3F875BDC}
		{98ABE114-ADB6-4791-9484-EB9D87F43A5D} = {080B87B7-15A6-4310-AA05-754A3F875BDC}
		{A1BA7863-E306-4EE4-B2AB-88D35E3C4500} = {080B87B7-15A6-4310-AA05-754A3F875BDC}
		{125B937D-A3DB-426B-989D-C8E00DEAA439} = {080B87B7-15A6-4310-AA05-754A3F875BDC}
		{0866C8BC-8A3B-4F07-A8D9-0FCB56071637} = {080B87B7-15A6-4310-AA05-754A3F875BDC}
		{DED6572D-0EB2-48B1-95DE-9495A6CCD3A2} = {080B87B7-15A6-4310-AA05-754A3F875BDC}
		{5E421889-B7AB-40F9-960B-9365BDE4378D} = {080B87B7-15A6-4310-AA05-754A3F875BDC}
	EndGlobalSection
	GlobalSection(SolutionConfigurationPlatforms) = preSolution
		Debug|Any CPU = Debug|Any CPU
		Release|Any CPU = Release|Any CPU
	EndGlobalSection
	GlobalSection(ProjectConfigurationPlatforms) = postSolution
		{5F947AC7-B76C-4ADC-9CA0-3F465908B074}.Debug|Any CPU.ActiveCfg = Debug|Any CPU
		{5F947AC7-B76C-4ADC-9CA0-3F465908B074}.Debug|Any CPU.Build.0 = Debug|Any CPU
		{5F947AC7-B76C-4ADC-9CA0-3F465908B074}.Release|Any CPU.ActiveCfg = Release|Any CPU
		{5F947AC7-B76C-4ADC-9CA0-3F465908B074}.Release|Any CPU.Build.0 = Release|Any CPU
		{16B817B1-4778-4CDD-885A-E6BE49D347A7}.Debug|Any CPU.ActiveCfg = Debug|Any CPU
		{16B817B1-4778-4CDD-885A-E6BE49D347A7}.Debug|Any CPU.Build.0 = Debug|Any CPU
		{16B817B1-4778-4CDD-885A-E6BE49D347A7}.Release|Any CPU.ActiveCfg = Release|Any CPU
		{16B817B1-4778-4CDD-885A-E6BE49D347A7}.Release|Any CPU.Build.0 = Release|Any CPU
		{6B15573B-C66C-42D5-82AB-87C1541E3F3D}.Debug|Any CPU.ActiveCfg = Debug|Any CPU
		{6B15573B-C66C-42D5-82AB-87C1541E3F3D}.Debug|Any CPU.Build.0 = Debug|Any CPU
		{6B15573B-C66C-42D5-82AB-87C1541E3F3D}.Release|Any CPU.ActiveCfg = Release|Any CPU
		{6B15573B-C66C-42D5-82AB-87C1541E3F3D}.Release|Any CPU.Build.0 = Release|Any CPU
		{96463216-CA0C-4E72-8404-B2FEA32590D4}.Debug|Any CPU.ActiveCfg = Debug|Any CPU
		{96463216-CA0C-4E72-8404-B2FEA32590D4}.Debug|Any CPU.Build.0 = Debug|Any CPU
		{96463216-CA0C-4E72-8404-B2FEA32590D4}.Release|Any CPU.ActiveCfg = Release|Any CPU
		{96463216-CA0C-4E72-8404-B2FEA32590D4}.Release|Any CPU.Build.0 = Release|Any CPU
		{45AB54BA-EB31-47FD-A44B-A37EA281F127}.Debug|Any CPU.ActiveCfg = Debug|Any CPU
		{45AB54BA-EB31-47FD-A44B-A37EA281F127}.Debug|Any CPU.Build.0 = Debug|Any CPU
		{45AB54BA-EB31-47FD-A44B-A37EA281F127}.Release|Any CPU.ActiveCfg = Release|Any CPU
		{45AB54BA-EB31-47FD-A44B-A37EA281F127}.Release|Any CPU.Build.0 = Release|Any CPU
		{5164F05A-FACC-4FEC-8B81-F4BFB2B75A10}.Debug|Any CPU.ActiveCfg = Debug|Any CPU
		{5164F05A-FACC-4FEC-8B81-F4BFB2B75A10}.Debug|Any CPU.Build.0 = Debug|Any CPU
		{5164F05A-FACC-4FEC-8B81-F4BFB2B75A10}.Release|Any CPU.ActiveCfg = Release|Any CPU
		{5164F05A-FACC-4FEC-8B81-F4BFB2B75A10}.Release|Any CPU.Build.0 = Release|Any CPU
		{7D666544-A3D6-43ED-8791-B00D871C3121}.Debug|Any CPU.ActiveCfg = Debug|Any CPU
		{7D666544-A3D6-43ED-8791-B00D871C3121}.Debug|Any CPU.Build.0 = Debug|Any CPU
		{7D666544-A3D6-43ED-8791-B00D871C3121}.Release|Any CPU.ActiveCfg = Release|Any CPU
		{7D666544-A3D6-43ED-8791-B00D871C3121}.Release|Any CPU.Build.0 = Release|Any CPU
		{5FF6CD77-EA7E-4E74-991A-94CA6F8891EA}.Debug|Any CPU.ActiveCfg = Debug|Any CPU
		{5FF6CD77-EA7E-4E74-991A-94CA6F8891EA}.Debug|Any CPU.Build.0 = Debug|Any CPU
		{5FF6CD77-EA7E-4E74-991A-94CA6F8891EA}.Release|Any CPU.ActiveCfg = Release|Any CPU
		{5FF6CD77-EA7E-4E74-991A-94CA6F8891EA}.Release|Any CPU.Build.0 = Release|Any CPU
		{8DC76117-F5A5-4BC6-A0A5-523CB00F2966}.Debug|Any CPU.ActiveCfg = Debug|Any CPU
		{8DC76117-F5A5-4BC6-A0A5-523CB00F2966}.Debug|Any CPU.Build.0 = Debug|Any CPU
		{8DC76117-F5A5-4BC6-A0A5-523CB00F2966}.Release|Any CPU.ActiveCfg = Release|Any CPU
		{8DC76117-F5A5-4BC6-A0A5-523CB00F2966}.Release|Any CPU.Build.0 = Release|Any CPU
		{C8F2615F-7C20-4D3C-904F-7B717D1345A0}.Debug|Any CPU.ActiveCfg = Debug|Any CPU
		{C8F2615F-7C20-4D3C-904F-7B717D1345A0}.Debug|Any CPU.Build.0 = Debug|Any CPU
		{C8F2615F-7C20-4D3C-904F-7B717D1345A0}.Release|Any CPU.ActiveCfg = Release|Any CPU
		{C8F2615F-7C20-4D3C-904F-7B717D1345A0}.Release|Any CPU.Build.0 = Release|Any CPU
		{FD62DB7E-1536-45B6-8113-2080345A29C4}.Debug|Any CPU.ActiveCfg = Debug|Any CPU
		{FD62DB7E-1536-45B6-8113-2080345A29C4}.Debug|Any CPU.Build.0 = Debug|Any CPU
		{FD62DB7E-1536-45B6-8113-2080345A29C4}.Release|Any CPU.ActiveCfg = Release|Any CPU
		{FD62DB7E-1536-45B6-8113-2080345A29C4}.Release|Any CPU.Build.0 = Release|Any CPU
		{6535202C-86E6-46C3-A574-FFE9CF2DF0B9}.Debug|Any CPU.ActiveCfg = Debug|Any CPU
		{6535202C-86E6-46C3-A574-FFE9CF2DF0B9}.Debug|Any CPU.Build.0 = Debug|Any CPU
		{6535202C-86E6-46C3-A574-FFE9CF2DF0B9}.Release|Any CPU.ActiveCfg = Release|Any CPU
		{6535202C-86E6-46C3-A574-FFE9CF2DF0B9}.Release|Any CPU.Build.0 = Release|Any CPU
		{98ABE114-ADB6-4791-9484-EB9D87F43A5D}.Debug|Any CPU.ActiveCfg = Debug|Any CPU
		{98ABE114-ADB6-4791-9484-EB9D87F43A5D}.Debug|Any CPU.Build.0 = Debug|Any CPU
		{98ABE114-ADB6-4791-9484-EB9D87F43A5D}.Release|Any CPU.ActiveCfg = Release|Any CPU
		{98ABE114-ADB6-4791-9484-EB9D87F43A5D}.Release|Any CPU.Build.0 = Release|Any CPU
		{A1BA7863-E306-4EE4-B2AB-88D35E3C4500}.Debug|Any CPU.ActiveCfg = Debug|Any CPU
		{A1BA7863-E306-4EE4-B2AB-88D35E3C4500}.Debug|Any CPU.Build.0 = Debug|Any CPU
		{A1BA7863-E306-4EE4-B2AB-88D35E3C4500}.Release|Any CPU.ActiveCfg = Release|Any CPU
		{A1BA7863-E306-4EE4-B2AB-88D35E3C4500}.Release|Any CPU.Build.0 = Release|Any CPU
		{125B937D-A3DB-426B-989D-C8E00DEAA439}.Debug|Any CPU.ActiveCfg = Debug|Any CPU
		{125B937D-A3DB-426B-989D-C8E00DEAA439}.Debug|Any CPU.Build.0 = Debug|Any CPU
		{125B937D-A3DB-426B-989D-C8E00DEAA439}.Release|Any CPU.ActiveCfg = Release|Any CPU
		{125B937D-A3DB-426B-989D-C8E00DEAA439}.Release|Any CPU.Build.0 = Release|Any CPU
		{0866C8BC-8A3B-4F07-A8D9-0FCB56071637}.Debug|Any CPU.ActiveCfg = Debug|Any CPU
		{0866C8BC-8A3B-4F07-A8D9-0FCB56071637}.Debug|Any CPU.Build.0 = Debug|Any CPU
		{0866C8BC-8A3B-4F07-A8D9-0FCB56071637}.Release|Any CPU.ActiveCfg = Release|Any CPU
		{0866C8BC-8A3B-4F07-A8D9-0FCB56071637}.Release|Any CPU.Build.0 = Release|Any CPU
		{DED6572D-0EB2-48B1-95DE-9495A6CCD3A2}.Debug|Any CPU.ActiveCfg = Debug|Any CPU
		{DED6572D-0EB2-48B1-95DE-9495A6CCD3A2}.Debug|Any CPU.Build.0 = Debug|Any CPU
		{DED6572D-0EB2-48B1-95DE-9495A6CCD3A2}.Release|Any CPU.ActiveCfg = Release|Any CPU
		{DED6572D-0EB2-48B1-95DE-9495A6CCD3A2}.Release|Any CPU.Build.0 = Release|Any CPU
		{5E421889-B7AB-40F9-960B-9365BDE4378D}.Debug|Any CPU.ActiveCfg = Debug|Any CPU
		{5E421889-B7AB-40F9-960B-9365BDE4378D}.Debug|Any CPU.Build.0 = Debug|Any CPU
		{5E421889-B7AB-40F9-960B-9365BDE4378D}.Release|Any CPU.ActiveCfg = Release|Any CPU
		{5E421889-B7AB-40F9-960B-9365BDE4378D}.Release|Any CPU.Build.0 = Release|Any CPU
	EndGlobalSection
	GlobalSection(SolutionProperties) = preSolution
		HideSolutionNode = FALSE
	EndGlobalSection
	GlobalSection(ExtensibilityGlobals) = postSolution
		SolutionGuid = {FC385E77-BB50-4DCD-9183-111DD9881A1E}
	EndGlobalSection
EndGlobal
